
Microsoft Visual Studio Solution File, Format Version 12.00
# Visual Studio Version 17
VisualStudioVersion = 17.11.35327.3
MinimumVisualStudioVersion = 10.0.40219.1
Project("{FAE04EC0-301F-11D3-BF4B-00C04F79EFBC}") = "EXERCICES 1 Fonctions et procédures", "EXERCICES 1 Fonctions et procédures\EXERCICES 1 Fonctions et procédures.csproj", "{BB9D46A7-73F2-4D85-930B-C76B8F264B4B}"
EndProject
Global
	GlobalSection(SolutionConfigurationPlatforms) = preSolution
		Debug|Any CPU = Debug|Any CPU
		Release|Any CPU = Release|Any CPU
	EndGlobalSection
	GlobalSection(ProjectConfigurationPlatforms) = postSolution
		{BB9D46A7-73F2-4D85-930B-C76B8F264B4B}.Debug|Any CPU.ActiveCfg = Debug|Any CPU
		{BB9D46A7-73F2-4D85-930B-C76B8F264B4B}.Debug|Any CPU.Build.0 = Debug|Any CPU
		{BB9D46A7-73F2-4D85-930B-C76B8F264B4B}.Release|Any CPU.ActiveCfg = Release|Any CPU
		{BB9D46A7-73F2-4D85-930B-C76B8F264B4B}.Release|Any CPU.Build.0 = Release|Any CPU
	EndGlobalSection
	GlobalSection(SolutionProperties) = preSolution
		HideSolutionNode = FALSE
	EndGlobalSection
	GlobalSection(ExtensibilityGlobals) = postSolution
		SolutionGuid = {32E59103-D195-415A-B866-00CE3C1557FE}
	EndGlobalSection
EndGlobal
